// !$*UTF8*$!
{
	archiveVersion = 1;
	classes = {
	};
	objectVersion = 55;
	objects = {

/* Begin PBXBuildFile section */
		14AEAD7528B0F9F900B21A71 /* AppDelegate.swift in Sources */ = {isa = PBXBuildFile; fileRef = 14AEAD7428B0F9F900B21A71 /* AppDelegate.swift */; };
		14AEAD7728B0F9F900B21A71 /* SceneDelegate.swift in Sources */ = {isa = PBXBuildFile; fileRef = 14AEAD7628B0F9F900B21A71 /* SceneDelegate.swift */; };
		14AEAD7928B0F9F900B21A71 /* NewsListController.swift in Sources */ = {isa = PBXBuildFile; fileRef = 14AEAD7828B0F9F900B21A71 /* NewsListController.swift */; };
		14AEAD7E28B0F9FD00B21A71 /* Assets.xcassets in Resources */ = {isa = PBXBuildFile; fileRef = 14AEAD7D28B0F9FD00B21A71 /* Assets.xcassets */; };
		14AEAD8128B0F9FD00B21A71 /* LaunchScreen.storyboard in Resources */ = {isa = PBXBuildFile; fileRef = 14AEAD7F28B0F9FD00B21A71 /* LaunchScreen.storyboard */; };
		14AEAD8C28B0F9FD00B21A71 /* NewsFeedTests.swift in Sources */ = {isa = PBXBuildFile; fileRef = 14AEAD8B28B0F9FD00B21A71 /* NewsFeedTests.swift */; };
		14AEAD9628B0F9FD00B21A71 /* NewsFeedUITests.swift in Sources */ = {isa = PBXBuildFile; fileRef = 14AEAD9528B0F9FD00B21A71 /* NewsFeedUITests.swift */; };
		14AEAD9828B0F9FD00B21A71 /* NewsFeedUITestsLaunchTests.swift in Sources */ = {isa = PBXBuildFile; fileRef = 14AEAD9728B0F9FD00B21A71 /* NewsFeedUITestsLaunchTests.swift */; };
		14AEADAC28B1011600B21A71 /* AppDIContainer.swift in Sources */ = {isa = PBXBuildFile; fileRef = 14AEADAB28B1011600B21A71 /* AppDIContainer.swift */; };
		14AEADAE28B101DF00B21A71 /* AppConfiguration.swift in Sources */ = {isa = PBXBuildFile; fileRef = 14AEADAD28B101DF00B21A71 /* AppConfiguration.swift */; };
/* End PBXBuildFile section */

/* Begin PBXContainerItemProxy section */
		14AEAD8828B0F9FD00B21A71 /* PBXContainerItemProxy */ = {
			isa = PBXContainerItemProxy;
			containerPortal = 14AEAD6928B0F9F800B21A71 /* Project object */;
			proxyType = 1;
			remoteGlobalIDString = 14AEAD7028B0F9F900B21A71;
			remoteInfo = NewsFeed;
		};
		14AEAD9228B0F9FD00B21A71 /* PBXContainerItemProxy */ = {
			isa = PBXContainerItemProxy;
			containerPortal = 14AEAD6928B0F9F800B21A71 /* Project object */;
			proxyType = 1;
			remoteGlobalIDString = 14AEAD7028B0F9F900B21A71;
			remoteInfo = NewsFeed;
		};
/* End PBXContainerItemProxy section */

/* Begin PBXFileReference section */
		14AEAD7128B0F9F900B21A71 /* NewsFeed.app */ = {isa = PBXFileReference; explicitFileType = wrapper.application; includeInIndex = 0; path = NewsFeed.app; sourceTree = BUILT_PRODUCTS_DIR; };
		14AEAD7428B0F9F900B21A71 /* AppDelegate.swift */ = {isa = PBXFileReference; lastKnownFileType = sourcecode.swift; path = AppDelegate.swift; sourceTree = "<group>"; };
		14AEAD7628B0F9F900B21A71 /* SceneDelegate.swift */ = {isa = PBXFileReference; lastKnownFileType = sourcecode.swift; path = SceneDelegate.swift; sourceTree = "<group>"; };
		14AEAD7828B0F9F900B21A71 /* NewsListController.swift */ = {isa = PBXFileReference; lastKnownFileType = sourcecode.swift; path = NewsListController.swift; sourceTree = "<group>"; };
		14AEAD7D28B0F9FD00B21A71 /* Assets.xcassets */ = {isa = PBXFileReference; lastKnownFileType = folder.assetcatalog; path = Assets.xcassets; sourceTree = "<group>"; };
		14AEAD8028B0F9FD00B21A71 /* Base */ = {isa = PBXFileReference; lastKnownFileType = file.storyboard; name = Base; path = Base.lproj/LaunchScreen.storyboard; sourceTree = "<group>"; };
		14AEAD8228B0F9FD00B21A71 /* Info.plist */ = {isa = PBXFileReference; lastKnownFileType = text.plist.xml; path = Info.plist; sourceTree = "<group>"; };
		14AEAD8728B0F9FD00B21A71 /* NewsFeedTests.xctest */ = {isa = PBXFileReference; explicitFileType = wrapper.cfbundle; includeInIndex = 0; path = NewsFeedTests.xctest; sourceTree = BUILT_PRODUCTS_DIR; };
		14AEAD8B28B0F9FD00B21A71 /* NewsFeedTests.swift */ = {isa = PBXFileReference; lastKnownFileType = sourcecode.swift; path = NewsFeedTests.swift; sourceTree = "<group>"; };
		14AEAD9128B0F9FD00B21A71 /* NewsFeedUITests.xctest */ = {isa = PBXFileReference; explicitFileType = wrapper.cfbundle; includeInIndex = 0; path = NewsFeedUITests.xctest; sourceTree = BUILT_PRODUCTS_DIR; };
		14AEAD9528B0F9FD00B21A71 /* NewsFeedUITests.swift */ = {isa = PBXFileReference; lastKnownFileType = sourcecode.swift; path = NewsFeedUITests.swift; sourceTree = "<group>"; };
		14AEAD9728B0F9FD00B21A71 /* NewsFeedUITestsLaunchTests.swift */ = {isa = PBXFileReference; lastKnownFileType = sourcecode.swift; path = NewsFeedUITestsLaunchTests.swift; sourceTree = "<group>"; };
		14AEADAB28B1011600B21A71 /* AppDIContainer.swift */ = {isa = PBXFileReference; lastKnownFileType = sourcecode.swift; path = AppDIContainer.swift; sourceTree = "<group>"; };
		14AEADAD28B101DF00B21A71 /* AppConfiguration.swift */ = {isa = PBXFileReference; lastKnownFileType = sourcecode.swift; path = AppConfiguration.swift; sourceTree = "<group>"; };
/* End PBXFileReference section */

/* Begin PBXFrameworksBuildPhase section */
		14AEAD6E28B0F9F900B21A71 /* Frameworks */ = {
			isa = PBXFrameworksBuildPhase;
			buildActionMask = 2147483647;
			files = (
			);
			runOnlyForDeploymentPostprocessing = 0;
		};
		14AEAD8428B0F9FD00B21A71 /* Frameworks */ = {
			isa = PBXFrameworksBuildPhase;
			buildActionMask = 2147483647;
			files = (
			);
			runOnlyForDeploymentPostprocessing = 0;
		};
		14AEAD8E28B0F9FD00B21A71 /* Frameworks */ = {
			isa = PBXFrameworksBuildPhase;
			buildActionMask = 2147483647;
			files = (
			);
			runOnlyForDeploymentPostprocessing = 0;
		};
/* End PBXFrameworksBuildPhase section */

/* Begin PBXGroup section */
		14AEAD6828B0F9F800B21A71 = {
			isa = PBXGroup;
			children = (
				14AEAD7328B0F9F900B21A71 /* NewsFeed */,
				14AEAD8A28B0F9FD00B21A71 /* NewsFeedTests */,
				14AEAD9428B0F9FD00B21A71 /* NewsFeedUITests */,
				14AEAD7228B0F9F900B21A71 /* Products */,
			);
			sourceTree = "<group>";
		};
		14AEAD7228B0F9F900B21A71 /* Products */ = {
			isa = PBXGroup;
			children = (
				14AEAD7128B0F9F900B21A71 /* NewsFeed.app */,
				14AEAD8728B0F9FD00B21A71 /* NewsFeedTests.xctest */,
				14AEAD9128B0F9FD00B21A71 /* NewsFeedUITests.xctest */,
			);
			name = Products;
			sourceTree = "<group>";
		};
		14AEAD7328B0F9F900B21A71 /* NewsFeed */ = {
			isa = PBXGroup;
			children = (
				14AEADA428B0FAFC00B21A71 /* App */,
				14AEADAA28B1010100B21A71 /* DIContainer */,
				14AEADA928B0FDC200B21A71 /* Base */,
				14AEADA728B0FC2B00B21A71 /* Presentation */,
				14AEADA528B0FB0A00B21A71 /* Launch Screen */,
				14AEADA628B0FB2100B21A71 /* Resources */,
			);
			path = NewsFeed;
			sourceTree = "<group>";
		};
		14AEAD8A28B0F9FD00B21A71 /* NewsFeedTests */ = {
			isa = PBXGroup;
			children = (
				14AEAD8B28B0F9FD00B21A71 /* NewsFeedTests.swift */,
			);
			path = NewsFeedTests;
			sourceTree = "<group>";
		};
		14AEAD9428B0F9FD00B21A71 /* NewsFeedUITests */ = {
			isa = PBXGroup;
			children = (
				14AEAD9528B0F9FD00B21A71 /* NewsFeedUITests.swift */,
				14AEAD9728B0F9FD00B21A71 /* NewsFeedUITestsLaunchTests.swift */,
			);
			path = NewsFeedUITests;
			sourceTree = "<group>";
		};
		14AEADA428B0FAFC00B21A71 /* App */ = {
			isa = PBXGroup;
			children = (
				14AEAD7428B0F9F900B21A71 /* AppDelegate.swift */,
				14AEAD7628B0F9F900B21A71 /* SceneDelegate.swift */,
				14AEADAD28B101DF00B21A71 /* AppConfiguration.swift */,
			);
			path = App;
			sourceTree = "<group>";
		};
		14AEADA528B0FB0A00B21A71 /* Launch Screen */ = {
			isa = PBXGroup;
			children = (
				14AEAD7F28B0F9FD00B21A71 /* LaunchScreen.storyboard */,
			);
			path = "Launch Screen";
			sourceTree = "<group>";
		};
		14AEADA628B0FB2100B21A71 /* Resources */ = {
			isa = PBXGroup;
			children = (
				14AEAD8228B0F9FD00B21A71 /* Info.plist */,
				14AEAD7D28B0F9FD00B21A71 /* Assets.xcassets */,
			);
			path = Resources;
			sourceTree = "<group>";
		};
		14AEADA728B0FC2B00B21A71 /* Presentation */ = {
			isa = PBXGroup;
			children = (
				14AEADA828B0FC3300B21A71 /* NewsList */,
			);
			path = Presentation;
			sourceTree = "<group>";
		};
		14AEADA828B0FC3300B21A71 /* NewsList */ = {
			isa = PBXGroup;
			children = (
				14AEAD7828B0F9F900B21A71 /* NewsListController.swift */,
			);
			path = NewsList;
			sourceTree = "<group>";
		};
		14AEADA928B0FDC200B21A71 /* Base */ = {
			isa = PBXGroup;
			children = (
			);
			path = Base;
			sourceTree = "<group>";
		};
		14AEADAA28B1010100B21A71 /* DIContainer */ = {
			isa = PBXGroup;
			children = (
				14AEADAB28B1011600B21A71 /* AppDIContainer.swift */,
			);
			path = DIContainer;
			sourceTree = "<group>";
		};
/* End PBXGroup section */

/* Begin PBXNativeTarget section */
		14AEAD7028B0F9F900B21A71 /* NewsFeed */ = {
			isa = PBXNativeTarget;
			buildConfigurationList = 14AEAD9B28B0F9FD00B21A71 /* Build configuration list for PBXNativeTarget "NewsFeed" */;
			buildPhases = (
				14AEAD6D28B0F9F900B21A71 /* Sources */,
				14AEAD6E28B0F9F900B21A71 /* Frameworks */,
				14AEAD6F28B0F9F900B21A71 /* Resources */,
			);
			buildRules = (
			);
			dependencies = (
			);
			name = NewsFeed;
			productName = NewsFeed;
			productReference = 14AEAD7128B0F9F900B21A71 /* NewsFeed.app */;
			productType = "com.apple.product-type.application";
		};
		14AEAD8628B0F9FD00B21A71 /* NewsFeedTests */ = {
			isa = PBXNativeTarget;
			buildConfigurationList = 14AEAD9E28B0F9FD00B21A71 /* Build configuration list for PBXNativeTarget "NewsFeedTests" */;
			buildPhases = (
				14AEAD8328B0F9FD00B21A71 /* Sources */,
				14AEAD8428B0F9FD00B21A71 /* Frameworks */,
				14AEAD8528B0F9FD00B21A71 /* Resources */,
			);
			buildRules = (
			);
			dependencies = (
				14AEAD8928B0F9FD00B21A71 /* PBXTargetDependency */,
			);
			name = NewsFeedTests;
			productName = NewsFeedTests;
			productReference = 14AEAD8728B0F9FD00B21A71 /* NewsFeedTests.xctest */;
			productType = "com.apple.product-type.bundle.unit-test";
		};
		14AEAD9028B0F9FD00B21A71 /* NewsFeedUITests */ = {
			isa = PBXNativeTarget;
			buildConfigurationList = 14AEADA128B0F9FD00B21A71 /* Build configuration list for PBXNativeTarget "NewsFeedUITests" */;
			buildPhases = (
				14AEAD8D28B0F9FD00B21A71 /* Sources */,
				14AEAD8E28B0F9FD00B21A71 /* Frameworks */,
				14AEAD8F28B0F9FD00B21A71 /* Resources */,
			);
			buildRules = (
			);
			dependencies = (
				14AEAD9328B0F9FD00B21A71 /* PBXTargetDependency */,
			);
			name = NewsFeedUITests;
			productName = NewsFeedUITests;
			productReference = 14AEAD9128B0F9FD00B21A71 /* NewsFeedUITests.xctest */;
			productType = "com.apple.product-type.bundle.ui-testing";
		};
/* End PBXNativeTarget section */

/* Begin PBXProject section */
		14AEAD6928B0F9F800B21A71 /* Project object */ = {
			isa = PBXProject;
			attributes = {
				BuildIndependentTargetsInParallel = 1;
				LastSwiftUpdateCheck = 1330;
				LastUpgradeCheck = 1330;
				TargetAttributes = {
					14AEAD7028B0F9F900B21A71 = {
						CreatedOnToolsVersion = 13.3;
					};
					14AEAD8628B0F9FD00B21A71 = {
						CreatedOnToolsVersion = 13.3;
						TestTargetID = 14AEAD7028B0F9F900B21A71;
					};
					14AEAD9028B0F9FD00B21A71 = {
						CreatedOnToolsVersion = 13.3;
						TestTargetID = 14AEAD7028B0F9F900B21A71;
					};
				};
			};
			buildConfigurationList = 14AEAD6C28B0F9F800B21A71 /* Build configuration list for PBXProject "NewsFeed" */;
			compatibilityVersion = "Xcode 13.0";
			developmentRegion = en;
			hasScannedForEncodings = 0;
			knownRegions = (
				en,
				Base,
			);
			mainGroup = 14AEAD6828B0F9F800B21A71;
			productRefGroup = 14AEAD7228B0F9F900B21A71 /* Products */;
			projectDirPath = "";
			projectRoot = "";
			targets = (
				14AEAD7028B0F9F900B21A71 /* NewsFeed */,
				14AEAD8628B0F9FD00B21A71 /* NewsFeedTests */,
				14AEAD9028B0F9FD00B21A71 /* NewsFeedUITests */,
			);
		};
/* End PBXProject section */

/* Begin PBXResourcesBuildPhase section */
		14AEAD6F28B0F9F900B21A71 /* Resources */ = {
			isa = PBXResourcesBuildPhase;
			buildActionMask = 2147483647;
			files = (
				14AEAD8128B0F9FD00B21A71 /* LaunchScreen.storyboard in Resources */,
				14AEAD7E28B0F9FD00B21A71 /* Assets.xcassets in Resources */,
			);
			runOnlyForDeploymentPostprocessing = 0;
		};
		14AEAD8528B0F9FD00B21A71 /* Resources */ = {
			isa = PBXResourcesBuildPhase;
			buildActionMask = 2147483647;
			files = (
			);
			runOnlyForDeploymentPostprocessing = 0;
		};
		14AEAD8F28B0F9FD00B21A71 /* Resources */ = {
			isa = PBXResourcesBuildPhase;
			buildActionMask = 2147483647;
			files = (
			);
			runOnlyForDeploymentPostprocessing = 0;
		};
/* End PBXResourcesBuildPhase section */

/* Begin PBXSourcesBuildPhase section */
		14AEAD6D28B0F9F900B21A71 /* Sources */ = {
			isa = PBXSourcesBuildPhase;
			buildActionMask = 2147483647;
			files = (
				14AEADAC28B1011600B21A71 /* AppDIContainer.swift in Sources */,
				14AEADAE28B101DF00B21A71 /* AppConfiguration.swift in Sources */,
				14AEAD7928B0F9F900B21A71 /* NewsListController.swift in Sources */,
				14AEAD7528B0F9F900B21A71 /* AppDelegate.swift in Sources */,
				14AEAD7728B0F9F900B21A71 /* SceneDelegate.swift in Sources */,
			);
			runOnlyForDeploymentPostprocessing = 0;
		};
		14AEAD8328B0F9FD00B21A71 /* Sources */ = {
			isa = PBXSourcesBuildPhase;
			buildActionMask = 2147483647;
			files = (
				14AEAD8C28B0F9FD00B21A71 /* NewsFeedTests.swift in Sources */,
			);
			runOnlyForDeploymentPostprocessing = 0;
		};
		14AEAD8D28B0F9FD00B21A71 /* Sources */ = {
			isa = PBXSourcesBuildPhase;
			buildActionMask = 2147483647;
			files = (
				14AEAD9828B0F9FD00B21A71 /* NewsFeedUITestsLaunchTests.swift in Sources */,
				14AEAD9628B0F9FD00B21A71 /* NewsFeedUITests.swift in Sources */,
			);
			runOnlyForDeploymentPostprocessing = 0;
		};
/* End PBXSourcesBuildPhase section */

/* Begin PBXTargetDependency section */
		14AEAD8928B0F9FD00B21A71 /* PBXTargetDependency */ = {
			isa = PBXTargetDependency;
			target = 14AEAD7028B0F9F900B21A71 /* NewsFeed */;
			targetProxy = 14AEAD8828B0F9FD00B21A71 /* PBXContainerItemProxy */;
		};
		14AEAD9328B0F9FD00B21A71 /* PBXTargetDependency */ = {
			isa = PBXTargetDependency;
			target = 14AEAD7028B0F9F900B21A71 /* NewsFeed */;
			targetProxy = 14AEAD9228B0F9FD00B21A71 /* PBXContainerItemProxy */;
		};
/* End PBXTargetDependency section */

/* Begin PBXVariantGroup section */
		14AEAD7F28B0F9FD00B21A71 /* LaunchScreen.storyboard */ = {
			isa = PBXVariantGroup;
			children = (
				14AEAD8028B0F9FD00B21A71 /* Base */,
			);
			name = LaunchScreen.storyboard;
			sourceTree = "<group>";
		};
/* End PBXVariantGroup section */

/* Begin XCBuildConfiguration section */
		14AEAD9928B0F9FD00B21A71 /* Debug */ = {
			isa = XCBuildConfiguration;
			buildSettings = {
				ALWAYS_SEARCH_USER_PATHS = NO;
				CLANG_ANALYZER_NONNULL = YES;
				CLANG_ANALYZER_NUMBER_OBJECT_CONVERSION = YES_AGGRESSIVE;
				CLANG_CXX_LANGUAGE_STANDARD = "gnu++17";
				CLANG_ENABLE_MODULES = YES;
				CLANG_ENABLE_OBJC_ARC = YES;
				CLANG_ENABLE_OBJC_WEAK = YES;
				CLANG_WARN_BLOCK_CAPTURE_AUTORELEASING = YES;
				CLANG_WARN_BOOL_CONVERSION = YES;
				CLANG_WARN_COMMA = YES;
				CLANG_WARN_CONSTANT_CONVERSION = YES;
				CLANG_WARN_DEPRECATED_OBJC_IMPLEMENTATIONS = YES;
				CLANG_WARN_DIRECT_OBJC_ISA_USAGE = YES_ERROR;
				CLANG_WARN_DOCUMENTATION_COMMENTS = YES;
				CLANG_WARN_EMPTY_BODY = YES;
				CLANG_WARN_ENUM_CONVERSION = YES;
				CLANG_WARN_INFINITE_RECURSION = YES;
				CLANG_WARN_INT_CONVERSION = YES;
				CLANG_WARN_NON_LITERAL_NULL_CONVERSION = YES;
				CLANG_WARN_OBJC_IMPLICIT_RETAIN_SELF = YES;
				CLANG_WARN_OBJC_LITERAL_CONVERSION = YES;
				CLANG_WARN_OBJC_ROOT_CLASS = YES_ERROR;
				CLANG_WARN_QUOTED_INCLUDE_IN_FRAMEWORK_HEADER = YES;
				CLANG_WARN_RANGE_LOOP_ANALYSIS = YES;
				CLANG_WARN_STRICT_PROTOTYPES = YES;
				CLANG_WARN_SUSPICIOUS_MOVE = YES;
				CLANG_WARN_UNGUARDED_AVAILABILITY = YES_AGGRESSIVE;
				CLANG_WARN_UNREACHABLE_CODE = YES;
				CLANG_WARN__DUPLICATE_METHOD_MATCH = YES;
				COPY_PHASE_STRIP = NO;
				DEBUG_INFORMATION_FORMAT = dwarf;
				ENABLE_STRICT_OBJC_MSGSEND = YES;
				ENABLE_TESTABILITY = YES;
				GCC_C_LANGUAGE_STANDARD = gnu11;
				GCC_DYNAMIC_NO_PIC = NO;
				GCC_NO_COMMON_BLOCKS = YES;
				GCC_OPTIMIZATION_LEVEL = 0;
				GCC_PREPROCESSOR_DEFINITIONS = (
					"DEBUG=1",
					"$(inherited)",
				);
				GCC_WARN_64_TO_32_BIT_CONVERSION = YES;
				GCC_WARN_ABOUT_RETURN_TYPE = YES_ERROR;
				GCC_WARN_UNDECLARED_SELECTOR = YES;
				GCC_WARN_UNINITIALIZED_AUTOS = YES_AGGRESSIVE;
				GCC_WARN_UNUSED_FUNCTION = YES;
				GCC_WARN_UNUSED_VARIABLE = YES;
				IPHONEOS_DEPLOYMENT_TARGET = 13.0;
				MTL_ENABLE_DEBUG_INFO = INCLUDE_SOURCE;
				MTL_FAST_MATH = YES;
				ONLY_ACTIVE_ARCH = YES;
				SDKROOT = iphoneos;
				SWIFT_ACTIVE_COMPILATION_CONDITIONS = DEBUG;
				SWIFT_OPTIMIZATION_LEVEL = "-Onone";
			};
			name = Debug;
		};
		14AEAD9A28B0F9FD00B21A71 /* Release */ = {
			isa = XCBuildConfiguration;
			buildSettings = {
				ALWAYS_SEARCH_USER_PATHS = NO;
				CLANG_ANALYZER_NONNULL = YES;
				CLANG_ANALYZER_NUMBER_OBJECT_CONVERSION = YES_AGGRESSIVE;
				CLANG_CXX_LANGUAGE_STANDARD = "gnu++17";
				CLANG_ENABLE_MODULES = YES;
				CLANG_ENABLE_OBJC_ARC = YES;
				CLANG_ENABLE_OBJC_WEAK = YES;
				CLANG_WARN_BLOCK_CAPTURE_AUTORELEASING = YES;
				CLANG_WARN_BOOL_CONVERSION = YES;
				CLANG_WARN_COMMA = YES;
				CLANG_WARN_CONSTANT_CONVERSION = YES;
				CLANG_WARN_DEPRECATED_OBJC_IMPLEMENTATIONS = YES;
				CLANG_WARN_DIRECT_OBJC_ISA_USAGE = YES_ERROR;
				CLANG_WARN_DOCUMENTATION_COMMENTS = YES;
				CLANG_WARN_EMPTY_BODY = YES;
				CLANG_WARN_ENUM_CONVERSION = YES;
				CLANG_WARN_INFINITE_RECURSION = YES;
				CLANG_WARN_INT_CONVERSION = YES;
				CLANG_WARN_NON_LITERAL_NULL_CONVERSION = YES;
				CLANG_WARN_OBJC_IMPLICIT_RETAIN_SELF = YES;
				CLANG_WARN_OBJC_LITERAL_CONVERSION = YES;
				CLANG_WARN_OBJC_ROOT_CLASS = YES_ERROR;
				CLANG_WARN_QUOTED_INCLUDE_IN_FRAMEWORK_HEADER = YES;
				CLANG_WARN_RANGE_LOOP_ANALYSIS = YES;
				CLANG_WARN_STRICT_PROTOTYPES = YES;
				CLANG_WARN_SUSPICIOUS_MOVE = YES;
				CLANG_WARN_UNGUARDED_AVAILABILITY = YES_AGGRESSIVE;
				CLANG_WARN_UNREACHABLE_CODE = YES;
				CLANG_WARN__DUPLICATE_METHOD_MATCH = YES;
				COPY_PHASE_STRIP = NO;
				DEBUG_INFORMATION_FORMAT = "dwarf-with-dsym";
				ENABLE_NS_ASSERTIONS = NO;
				ENABLE_STRICT_OBJC_MSGSEND = YES;
				GCC_C_LANGUAGE_STANDARD = gnu11;
				GCC_NO_COMMON_BLOCKS = YES;
				GCC_WARN_64_TO_32_BIT_CONVERSION = YES;
				GCC_WARN_ABOUT_RETURN_TYPE = YES_ERROR;
				GCC_WARN_UNDECLARED_SELECTOR = YES;
				GCC_WARN_UNINITIALIZED_AUTOS = YES_AGGRESSIVE;
				GCC_WARN_UNUSED_FUNCTION = YES;
				GCC_WARN_UNUSED_VARIABLE = YES;
				IPHONEOS_DEPLOYMENT_TARGET = 13.0;
				MTL_ENABLE_DEBUG_INFO = NO;
				MTL_FAST_MATH = YES;
				SDKROOT = iphoneos;
				SWIFT_COMPILATION_MODE = wholemodule;
				SWIFT_OPTIMIZATION_LEVEL = "-O";
				VALIDATE_PRODUCT = YES;
			};
			name = Release;
		};
		14AEAD9C28B0F9FD00B21A71 /* Debug */ = {
			isa = XCBuildConfiguration;
			buildSettings = {
				API_KEY = 2d021085c2e64c23927ff485d9f4299b;
				ASSETCATALOG_COMPILER_APPICON_NAME = AppIcon;
				ASSETCATALOG_COMPILER_GLOBAL_ACCENT_COLOR_NAME = AccentColor;
				BASE_URL = "https://newsapi.org/v2/";
				CODE_SIGN_STYLE = Automatic;
				CURRENT_PROJECT_VERSION = 1;
				DEVELOPMENT_TEAM = FR92VWWUNN;
				GENERATE_INFOPLIST_FILE = YES;
				INFOPLIST_FILE = NewsFeed/Resources/Info.plist;
				INFOPLIST_KEY_UIApplicationSupportsIndirectInputEvents = YES;
				INFOPLIST_KEY_UILaunchStoryboardName = LaunchScreen;
				INFOPLIST_KEY_UISupportedInterfaceOrientations = UIInterfaceOrientationPortrait;
				INFOPLIST_KEY_UISupportedInterfaceOrientations_iPad = "UIInterfaceOrientationPortrait UIInterfaceOrientationPortraitUpsideDown UIInterfaceOrientationLandscapeLeft UIInterfaceOrientationLandscapeRight";
				INFOPLIST_KEY_UISupportedInterfaceOrientations_iPhone = "UIInterfaceOrientationPortrait UIInterfaceOrientationLandscapeLeft UIInterfaceOrientationLandscapeRight";
				LD_RUNPATH_SEARCH_PATHS = (
					"$(inherited)",
					"@executable_path/Frameworks",
				);
				MARKETING_VERSION = 1.0;
				PRODUCT_BUNDLE_IDENTIFIER = com.omokagbo.NewsFeed;
				PRODUCT_NAME = "$(TARGET_NAME)";
				SWIFT_EMIT_LOC_STRINGS = YES;
				SWIFT_VERSION = 5.0;
				TARGETED_DEVICE_FAMILY = "1,2";
			};
			name = Debug;
		};
		14AEAD9D28B0F9FD00B21A71 /* Release */ = {
			isa = XCBuildConfiguration;
			buildSettings = {
				API_KEY = 2d021085c2e64c23927ff485d9f4299b;
				ASSETCATALOG_COMPILER_APPICON_NAME = AppIcon;
				ASSETCATALOG_COMPILER_GLOBAL_ACCENT_COLOR_NAME = AccentColor;
				BASE_URL = "https://newsapi.org/v2/";
				CODE_SIGN_STYLE = Automatic;
				CURRENT_PROJECT_VERSION = 1;
				DEVELOPMENT_TEAM = FR92VWWUNN;
				GENERATE_INFOPLIST_FILE = YES;
				INFOPLIST_FILE = NewsFeed/Resources/Info.plist;
				INFOPLIST_KEY_UIApplicationSupportsIndirectInputEvents = YES;
				INFOPLIST_KEY_UILaunchStoryboardName = LaunchScreen;
				INFOPLIST_KEY_UISupportedInterfaceOrientations = UIInterfaceOrientationPortrait;
				INFOPLIST_KEY_UISupportedInterfaceOrientations_iPad = "UIInterfaceOrientationPortrait UIInterfaceOrientationPortraitUpsideDown UIInterfaceOrientationLandscapeLeft UIInterfaceOrientationLandscapeRight";
				INFOPLIST_KEY_UISupportedInterfaceOrientations_iPhone = "UIInterfaceOrientationPortrait UIInterfaceOrientationLandscapeLeft UIInterfaceOrientationLandscapeRight";
				LD_RUNPATH_SEARCH_PATHS = (
					"$(inherited)",
					"@executable_path/Frameworks",
				);
				MARKETING_VERSION = 1.0;
				PRODUCT_BUNDLE_IDENTIFIER = com.omokagbo.NewsFeed;
				PRODUCT_NAME = "$(TARGET_NAME)";
				SWIFT_EMIT_LOC_STRINGS = YES;
				SWIFT_VERSION = 5.0;
				TARGETED_DEVICE_FAMILY = "1,2";
			};
			name = Release;
		};
		14AEAD9F28B0F9FD00B21A71 /* Debug */ = {
			isa = XCBuildConfiguration;
			buildSettings = {
				ALWAYS_EMBED_SWIFT_STANDARD_LIBRARIES = YES;
				BUNDLE_LOADER = "$(TEST_HOST)";
				CODE_SIGN_STYLE = Automatic;
				CURRENT_PROJECT_VERSION = 1;
				DEVELOPMENT_TEAM = FR92VWWUNN;
				GENERATE_INFOPLIST_FILE = YES;
				IPHONEOS_DEPLOYMENT_TARGET = 15.4;
				MARKETING_VERSION = 1.0;
				PRODUCT_BUNDLE_IDENTIFIER = com.omokagbo.NewsFeedTests;
				PRODUCT_NAME = "$(TARGET_NAME)";
				SWIFT_EMIT_LOC_STRINGS = NO;
				SWIFT_VERSION = 5.0;
				TARGETED_DEVICE_FAMILY = "1,2";
				TEST_HOST = "$(BUILT_PRODUCTS_DIR)/NewsFeed.app/NewsFeed";
			};
			name = Debug;
		};
		14AEADA028B0F9FD00B21A71 /* Release */ = {
			isa = XCBuildConfiguration;
			buildSettings = {
				ALWAYS_EMBED_SWIFT_STANDARD_LIBRARIES = YES;
				BUNDLE_LOADER = "$(TEST_HOST)";
				CODE_SIGN_STYLE = Automatic;
				CURRENT_PROJECT_VERSION = 1;
				DEVELOPMENT_TEAM = FR92VWWUNN;
				GENERATE_INFOPLIST_FILE = YES;
				IPHONEOS_DEPLOYMENT_TARGET = 15.4;
				MARKETING_VERSION = 1.0;
				PRODUCT_BUNDLE_IDENTIFIER = com.omokagbo.NewsFeedTests;
				PRODUCT_NAME = "$(TARGET_NAME)";
				SWIFT_EMIT_LOC_STRINGS = NO;
				SWIFT_VERSION = 5.0;
				TARGETED_DEVICE_FAMILY = "1,2";
				TEST_HOST = "$(BUILT_PRODUCTS_DIR)/NewsFeed.app/NewsFeed";
			};
			name = Release;
		};
		14AEADA228B0F9FD00B21A71 /* Debug */ = {
			isa = XCBuildConfiguration;
			buildSettings = {
				ALWAYS_EMBED_SWIFT_STANDARD_LIBRARIES = YES;
				CODE_SIGN_STYLE = Automatic;
				CURRENT_PROJECT_VERSION = 1;
				DEVELOPMENT_TEAM = FR92VWWUNN;
				GENERATE_INFOPLIST_FILE = YES;
				MARKETING_VERSION = 1.0;
				PRODUCT_BUNDLE_IDENTIFIER = com.omokagbo.NewsFeedUITests;
				PRODUCT_NAME = "$(TARGET_NAME)";
				SWIFT_EMIT_LOC_STRINGS = NO;
				SWIFT_VERSION = 5.0;
				TARGETED_DEVICE_FAMILY = "1,2";
				TEST_TARGET_NAME = NewsFeed;
			};
			name = Debug;
		};
		14AEADA328B0F9FD00B21A71 /* Release */ = {
			isa = XCBuildConfiguration;
			buildSettings = {
				ALWAYS_EMBED_SWIFT_STANDARD_LIBRARIES = YES;
				CODE_SIGN_STYLE = Automatic;
				CURRENT_PROJECT_VERSION = 1;
				DEVELOPMENT_TEAM = FR92VWWUNN;
				GENERATE_INFOPLIST_FILE = YES;
				MARKETING_VERSION = 1.0;
				PRODUCT_BUNDLE_IDENTIFIER = com.omokagbo.NewsFeedUITests;
				PRODUCT_NAME = "$(TARGET_NAME)";
				SWIFT_EMIT_LOC_STRINGS = NO;
				SWIFT_VERSION = 5.0;
				TARGETED_DEVICE_FAMILY = "1,2";
				TEST_TARGET_NAME = NewsFeed;
			};
			name = Release;
		};
/* End XCBuildConfiguration section */

/* Begin XCConfigurationList section */
		14AEAD6C28B0F9F800B21A71 /* Build configuration list for PBXProject "NewsFeed" */ = {
			isa = XCConfigurationList;
			buildConfigurations = (
				14AEAD9928B0F9FD00B21A71 /* Debug */,
				14AEAD9A28B0F9FD00B21A71 /* Release */,
			);
			defaultConfigurationIsVisible = 0;
			defaultConfigurationName = Release;
		};
		14AEAD9B28B0F9FD00B21A71 /* Build configuration list for PBXNativeTarget "NewsFeed" */ = {
			isa = XCConfigurationList;
			buildConfigurations = (
				14AEAD9C28B0F9FD00B21A71 /* Debug */,
				14AEAD9D28B0F9FD00B21A71 /* Release */,
			);
			defaultConfigurationIsVisible = 0;
			defaultConfigurationName = Release;
		};
		14AEAD9E28B0F9FD00B21A71 /* Build configuration list for PBXNativeTarget "NewsFeedTests" */ = {
			isa = XCConfigurationList;
			buildConfigurations = (
				14AEAD9F28B0F9FD00B21A71 /* Debug */,
				14AEADA028B0F9FD00B21A71 /* Release */,
			);
			defaultConfigurationIsVisible = 0;
			defaultConfigurationName = Release;
		};
		14AEADA128B0F9FD00B21A71 /* Build configuration list for PBXNativeTarget "NewsFeedUITests" */ = {
			isa = XCConfigurationList;
			buildConfigurations = (
				14AEADA228B0F9FD00B21A71 /* Debug */,
				14AEADA328B0F9FD00B21A71 /* Release */,
			);
			defaultConfigurationIsVisible = 0;
			defaultConfigurationName = Release;
		};
/* End XCConfigurationList section */
	};
	rootObject = 14AEAD6928B0F9F800B21A71 /* Project object */;
}
